{
  "name": "pnpm-local-install",
  "version": "0.0.0",
  "lockfileVersion": 1,
  "requires": true,
  "dependencies": {
    "pnpm": {
      "version": "2.15.1",
      "resolved": "https://registry.npmjs.org/pnpm/-/pnpm-2.15.1.tgz",
      "integrity": "sha512-pMOA3unwOGfJJQoew6cjIV4Q7FerIQnOuIwWV7eZXIw6DPU1VDH+8b85fEgbXMCvc5H59UH8T7yUvYdU8u9fuQ=="
    }
  }
}
